{
  "requires": true,
  "lockfileVersion": 1,
  "dependencies": {
    "@angular/animations": {
      "version": "https://registry.npmjs.org/@angular/animations/-/animations-4.3.0.tgz",
      "integrity": "sha1-VvNLhGSTeSAqw1mSm4LrC5FenHI=",
      "requires": {
        "tslib": "https://registry.npmjs.org/tslib/-/tslib-1.7.1.tgz"
      }
    },
    "@angular/cdk": {
      "version": "2.0.0-beta.12",
      "resolved": "https://registry.npmjs.org/@angular/cdk/-/cdk-2.0.0-beta.12.tgz",
      "integrity": "sha1-OiQ8tiuT9OA5EgunD5ANyeI1Yi4=",
      "requires": {
        "tslib": "https://registry.npmjs.org/tslib/-/tslib-1.7.1.tgz"
      }
    },
    "@angular/common": {
      "version": "https://registry.npmjs.org/@angular/common/-/common-4.3.0.tgz",
      "integrity": "sha1-E6VKaSndUvlymxauRG+tWP4WMFM=",
      "requires": {
        "tslib": "https://registry.npmjs.org/tslib/-/tslib-1.7.1.tgz"
      }
    },
    "@angular/compiler": {
      "version": "https://registry.npmjs.org/@angular/compiler/-/compiler-4.3.0.tgz",
      "integrity": "sha1-VVA78nofBi9xuUlTk/MxGQOo/EM=",
      "requires": {
        "tslib": "https://registry.npmjs.org/tslib/-/tslib-1.7.1.tgz"
      }
    },
    "@angular/compiler-cli": {
      "version": "https://registry.npmjs.org/@angular/compiler-cli/-/compiler-cli-4.3.0.tgz",
      "integrity": "sha1-83WAlzD16IPP4hGumRIQ8csanx4=",
      "requires": {
        "@angular/tsc-wrapped": "https://registry.npmjs.org/@angular/tsc-wrapped/-/tsc-wrapped-4.3.0.tgz",
        "minimist": "https://registry.npmjs.org/minimist/-/minimist-1.2.0.tgz",
        "reflect-metadata": "https://registry.npmjs.org/reflect-metadata/-/reflect-metadata-0.1.10.tgz"
      }
    },
    "@angular/core": {
      "version": "https://registry.npmjs.org/@angular/core/-/core-4.3.0.tgz",
      "integrity": "sha1-vSJJw94SJKfGU2xKunKNZWUykzQ=",
      "requires": {
        "tslib": "https://registry.npmjs.org/tslib/-/tslib-1.7.1.tgz"
      }
    },
    "@angular/forms": {
      "version": "https://registry.npmjs.org/@angular/forms/-/forms-4.3.0.tgz",
      "integrity": "sha1-fQx6hUc36aMKX9lmX41PVqG5G9g=",
      "requires": {
        "tslib": "https://registry.npmjs.org/tslib/-/tslib-1.7.1.tgz"
      }
    },
    "@angular/http": {
      "version": "https://registry.npmjs.org/@angular/http/-/http-4.3.0.tgz",
      "integrity": "sha1-37czEKhApq2AUKxR8OVcSYTbCSY=",
      "requires": {
        "tslib": "https://registry.npmjs.org/tslib/-/tslib-1.7.1.tgz"
      }
    },
    "@angular/material": {
      "version": "2.0.0-beta.12",
      "resolved": "https://registry.npmjs.org/@angular/material/-/material-2.0.0-beta.12.tgz",
      "integrity": "sha1-cbbQt7AhiR5dDjaIwdS9eMdFf1g=",
      "requires": {
        "tslib": "https://registry.npmjs.org/tslib/-/tslib-1.7.1.tgz"
      }
    },
    "@angular/platform-browser": {
      "version": "https://registry.npmjs.org/@angular/platform-browser/-/platform-browser-4.3.0.tgz",
      "integrity": "sha1-AjiUiRhRhcO+zwY1k0YQDlR5x+E=",
      "requires": {
        "tslib": "https://registry.npmjs.org/tslib/-/tslib-1.7.1.tgz"
      }
    },
    "@angular/platform-browser-dynamic": {
      "version": "https://registry.npmjs.org/@angular/platform-browser-dynamic/-/platform-browser-dynamic-4.3.0.tgz",
      "integrity": "sha1-VR+xiFGyfujz5LDuJarRC9ezEuM=",
      "requires": {
        "tslib": "https://registry.npmjs.org/tslib/-/tslib-1.7.1.tgz"
      }
    },
    "@angular/platform-server": {
      "version": "https://registry.npmjs.org/@angular/platform-server/-/platform-server-4.3.0.tgz",
      "integrity": "sha1-U4f8hI0KdWV8Xtm3DhpX8FT7Jw8=",
      "requires": {
        "parse5": "https://registry.npmjs.org/parse5/-/parse5-3.0.2.tgz",
        "tslib": "https://registry.npmjs.org/tslib/-/tslib-1.7.1.tgz",
        "xhr2": "https://registry.npmjs.org/xhr2/-/xhr2-0.1.4.tgz"
      }
    },
    "@angular/router": {
      "version": "https://registry.npmjs.org/@angular/router/-/router-4.3.0.tgz",
      "integrity": "sha1-cbQo8YXrkWGh3hTcGUkhndzf/a4=",
      "requires": {
        "tslib": "https://registry.npmjs.org/tslib/-/tslib-1.7.1.tgz"
      }
    },
    "@angular/tsc-wrapped": {
      "version": "https://registry.npmjs.org/@angular/tsc-wrapped/-/tsc-wrapped-4.3.0.tgz",
      "integrity": "sha1-/i5TdrbirRsTnt3iOp27QpnfYmQ=",
      "requires": {
        "tsickle": "https://registry.npmjs.org/tsickle/-/tsickle-0.21.6.tgz"
      }
    },
    "@types/node": {
      "version": "https://registry.npmjs.org/@types/node/-/node-6.0.83.tgz",
      "integrity": "sha1-3QItsBrCwBwQV3deiMz/zpbR1v4="
    },
    "angular-router-loader": {
      "version": "https://registry.npmjs.org/angular-router-loader/-/angular-router-loader-0.4.0.tgz",
      "integrity": "sha1-BiZtTzFLABYZcPjiSvMcsMoH3Ls=",
      "requires": {
        "loader-utils": "https://registry.npmjs.org/loader-utils/-/loader-utils-0.2.17.tgz"
      }
    },
    "angular2-flash-messages": {
      "version": "1.0.8",
      "resolved": "https://registry.npmjs.org/angular2-flash-messages/-/angular2-flash-messages-1.0.8.tgz",
      "integrity": "sha1-IeEIM6jARMHqfHCUgBVJScJyNGM="
    },
    "async": {
      "version": "https://registry.npmjs.org/async/-/async-1.5.2.tgz",
      "integrity": "sha1-7GphrlZIDAw8skHJVhjiCJL5Zyo="
    },
    "balanced-match": {
      "version": "https://registry.npmjs.org/balanced-match/-/balanced-match-1.0.0.tgz",
      "integrity": "sha1-ibTRmasr7kneFk6gK4nORi1xt2c="
    },
    "big.js": {
      "version": "https://registry.npmjs.org/big.js/-/big.js-3.2.0.tgz",
      "integrity": "sha1-pfwpi4G54Nyi5FiCR4S2XFK6WI4="
    },
    "brace-expansion": {
      "version": "https://registry.npmjs.org/brace-expansion/-/brace-expansion-1.1.8.tgz",
      "integrity": "sha1-wHshHHyVLsH479Uad+8NHTmQopI=",
      "requires": {
        "balanced-match": "https://registry.npmjs.org/balanced-match/-/balanced-match-1.0.0.tgz",
        "concat-map": "https://registry.npmjs.org/concat-map/-/concat-map-0.0.1.tgz"
      }
    },
    "clang-format": {
      "version": "https://registry.npmjs.org/clang-format/-/clang-format-1.0.53.tgz",
      "integrity": "sha1-/zZoxA7M7u6qPpd7YdUBBtCz/UY=",
      "requires": {
        "async": "https://registry.npmjs.org/async/-/async-1.5.2.tgz",
        "glob": "https://registry.npmjs.org/glob/-/glob-7.1.2.tgz",
        "resolve": "https://registry.npmjs.org/resolve/-/resolve-1.3.3.tgz"
      }
    },
    "concat-map": {
      "version": "https://registry.npmjs.org/concat-map/-/concat-map-0.0.1.tgz",
      "integrity": "sha1-2Klr13/Wjfd5OnMDajug1UBdR3s="
    },
    "core-js": {
      "version": "https://registry.npmjs.org/core-js/-/core-js-2.5.1.tgz",
      "integrity": "sha1-rmh03GaTd4m4B1T/VCjfZoGcpQs="
    },
    "emojis-list": {
      "version": "https://registry.npmjs.org/emojis-list/-/emojis-list-2.1.0.tgz",
      "integrity": "sha1-TapNnbAPmBmIDHn6RXrlsJof04k="
    },
    "fs.realpath": {
      "version": "https://registry.npmjs.org/fs.realpath/-/fs.realpath-1.0.0.tgz",
      "integrity": "sha1-FQStJSMVjKpA20onh8sBQRmU6k8="
    },
    "glob": {
      "version": "https://registry.npmjs.org/glob/-/glob-7.1.2.tgz",
      "integrity": "sha1-wZyd+aAocC1nhhI4SmVSQExjbRU=",
      "requires": {
        "fs.realpath": "https://registry.npmjs.org/fs.realpath/-/fs.realpath-1.0.0.tgz",
        "inflight": "https://registry.npmjs.org/inflight/-/inflight-1.0.6.tgz",
        "inherits": "https://registry.npmjs.org/inherits/-/inherits-2.0.3.tgz",
        "minimatch": "https://registry.npmjs.org/minimatch/-/minimatch-3.0.4.tgz",
        "once": "https://registry.npmjs.org/once/-/once-1.4.0.tgz",
        "path-is-absolute": "https://registry.npmjs.org/path-is-absolute/-/path-is-absolute-1.0.1.tgz"
      }
    },
    "inflight": {
      "version": "https://registry.npmjs.org/inflight/-/inflight-1.0.6.tgz",
      "integrity": "sha1-Sb1jMdfQLQwJvJEKEHW6gWW1bfk=",
      "requires": {
        "once": "https://registry.npmjs.org/once/-/once-1.4.0.tgz",
        "wrappy": "https://registry.npmjs.org/wrappy/-/wrappy-1.0.2.tgz"
      }
    },
    "inherits": {
      "version": "https://registry.npmjs.org/inherits/-/inherits-2.0.3.tgz",
      "integrity": "sha1-Yzwsg+PaQqUC9SRmAiSA9CCCYd4="
    },
    "json5": {
      "version": "https://registry.npmjs.org/json5/-/json5-0.5.1.tgz",
      "integrity": "sha1-Hq3nrMASA0rYTiOWdn6tn6VJWCE="
    },
    "loader-utils": {
      "version": "https://registry.npmjs.org/loader-utils/-/loader-utils-0.2.17.tgz",
      "integrity": "sha1-+G5jdNQyBabmxg6RlvF8Apm/s0g=",
      "requires": {
        "big.js": "https://registry.npmjs.org/big.js/-/big.js-3.2.0.tgz",
        "emojis-list": "https://registry.npmjs.org/emojis-list/-/emojis-list-2.1.0.tgz",
        "json5": "https://registry.npmjs.org/json5/-/json5-0.5.1.tgz",
        "object-assign": "https://registry.npmjs.org/object-assign/-/object-assign-4.1.1.tgz"
      }
    },
    "minimatch": {
      "version": "https://registry.npmjs.org/minimatch/-/minimatch-3.0.4.tgz",
      "integrity": "sha1-UWbihkV/AzBgZL5Ul+jbsMPTIIM=",
      "requires": {
        "brace-expansion": "https://registry.npmjs.org/brace-expansion/-/brace-expansion-1.1.8.tgz"
      }
    },
    "minimist": {
      "version": "https://registry.npmjs.org/minimist/-/minimist-1.2.0.tgz",
      "integrity": "sha1-o1AIsg9BOD7sH7kU9M1d95omQoQ="
    },
    "mkdirp": {
      "version": "https://registry.npmjs.org/mkdirp/-/mkdirp-0.5.1.tgz",
      "integrity": "sha1-MAV0OOrGz3+MR2fzhkjWaX11yQM=",
      "requires": {
        "minimist": "https://registry.npmjs.org/minimist/-/minimist-0.0.8.tgz"
      },
      "dependencies": {
        "minimist": {
          "version": "https://registry.npmjs.org/minimist/-/minimist-0.0.8.tgz",
          "integrity": "sha1-hX/Kv8M5fSYluCKCYuhqp6ARsF0="
        }
      }
    },
    "ng2-file-upload": {
      "version": "https://registry.npmjs.org/ng2-file-upload/-/ng2-file-upload-1.2.1.tgz",
      "integrity": "sha1-VWPF39b0P7++gVwgbjQ0ZKCmoZc="
    },
    "ng2-file-uploader": {
      "version": "https://registry.npmjs.org/ng2-file-uploader/-/ng2-file-uploader-0.1.4.tgz",
      "integrity": "sha1-onzTKN5L7ngYDK5kguLKy1saGpw=",
      "requires": {
        "@angular/common": "https://registry.npmjs.org/@angular/common/-/common-2.0.0-rc.4.tgz",
        "@angular/compiler": "https://registry.npmjs.org/@angular/compiler/-/compiler-2.0.0-rc.4.tgz",
        "@angular/core": "https://registry.npmjs.org/@angular/core/-/core-2.0.0-rc.4.tgz",
        "clang-format": "https://registry.npmjs.org/clang-format/-/clang-format-1.0.53.tgz",
        "reflect-metadata": "https://registry.npmjs.org/reflect-metadata/-/reflect-metadata-0.1.10.tgz",
        "rxjs": "https://registry.npmjs.org/rxjs/-/rxjs-5.0.0-beta.6.tgz",
        "systemjs": "https://registry.npmjs.org/systemjs/-/systemjs-0.19.47.tgz",
        "zone.js": "https://registry.npmjs.org/zone.js/-/zone.js-0.6.26.tgz"
      },
      "dependencies": {
        "@angular/common": {
          "version": "https://registry.npmjs.org/@angular/common/-/common-2.0.0-rc.4.tgz",
          "integrity": "sha1-w7CofNHjFr4qlAu4AxngVYmPieY="
        },
        "@angular/compiler": {
          "version": "https://registry.npmjs.org/@angular/compiler/-/compiler-2.0.0-rc.4.tgz",
          "integrity": "sha1-HLggKLjtcyAJz0yC28fzOF3KNoQ="
        },
        "@angular/core": {
          "version": "https://registry.npmjs.org/@angular/core/-/core-2.0.0-rc.4.tgz",
          "integrity": "sha1-8/mPkG/PDLh9LH1/IwypXqgctuA="
        }
      }
    },
    "ng2-opd-popup": {
      "version": "https://registry.npmjs.org/ng2-opd-popup/-/ng2-opd-popup-1.1.21.tgz",
      "integrity": "sha1-qOxFQq5E6KAR2cMDjtaLGb86VfM=",
      "requires": {
        "@angular/common": "https://registry.npmjs.org/@angular/common/-/common-2.3.0.tgz",
        "@angular/compiler": "https://registry.npmjs.org/@angular/compiler/-/compiler-2.2.4.tgz",
        "@angular/compiler-cli": "https://registry.npmjs.org/@angular/compiler-cli/-/compiler-cli-2.3.0.tgz",
        "@angular/core": "https://registry.npmjs.org/@angular/core/-/core-2.3.0.tgz",
        "@angular/forms": "https://registry.npmjs.org/@angular/forms/-/forms-2.3.0.tgz",
        "@angular/http": "https://registry.npmjs.org/@angular/http/-/http-2.3.0.tgz",
        "@angular/platform-browser": "https://registry.npmjs.org/@angular/platform-browser/-/platform-browser-2.3.0.tgz",
        "@angular/platform-browser-dynamic": "https://registry.npmjs.org/@angular/platform-browser-dynamic/-/platform-browser-dynamic-2.3.0.tgz",
        "@angular/router": "https://registry.npmjs.org/@angular/router/-/router-3.2.4.tgz",
        "angular-router-loader": "https://registry.npmjs.org/angular-router-loader/-/angular-router-loader-0.4.0.tgz",
        "core-js": "https://registry.npmjs.org/core-js/-/core-js-2.5.1.tgz",
        "reflect-metadata": "https://registry.npmjs.org/reflect-metadata/-/reflect-metadata-0.1.10.tgz",
        "rxjs": "https://registry.npmjs.org/rxjs/-/rxjs-5.0.0-rc.4.tgz",
        "zone.js": "https://registry.npmjs.org/zone.js/-/zone.js-0.7.8.tgz"
      },
      "dependencies": {
        "@angular/common": {
          "version": "https://registry.npmjs.org/@angular/common/-/common-2.3.0.tgz",
          "integrity": "sha1-FrADT+Q65wh1ND8j4Zg1Q17dEY4="
        },
        "@angular/compiler": {
          "version": "https://registry.npmjs.org/@angular/compiler/-/compiler-2.2.4.tgz",
          "integrity": "sha1-QOjbX4AZOd3BoWMHnccbO+gaBq4="
        },
        "@angular/compiler-cli": {
          "version": "https://registry.npmjs.org/@angular/compiler-cli/-/compiler-cli-2.3.0.tgz",
          "integrity": "sha1-2fAXHEbZ1j4aFzekzPD7/mwyFmY=",
          "requires": {
            "@angular/tsc-wrapped": "https://registry.npmjs.org/@angular/tsc-wrapped/-/tsc-wrapped-0.4.2.tgz",
            "minimist": "https://registry.npmjs.org/minimist/-/minimist-1.2.0.tgz",
            "reflect-metadata": "https://registry.npmjs.org/reflect-metadata/-/reflect-metadata-0.1.10.tgz"
          }
        },
        "@angular/core": {
          "version": "https://registry.npmjs.org/@angular/core/-/core-2.3.0.tgz",
          "integrity": "sha1-5gvTmFhNaUZ9B10AG3GDZBdKJTQ="
        },
        "@angular/forms": {
          "version": "https://registry.npmjs.org/@angular/forms/-/forms-2.3.0.tgz",
          "integrity": "sha1-lhEzIts2L6GkyXmJKf/eDnbgNNw="
        },
        "@angular/http": {
          "version": "https://registry.npmjs.org/@angular/http/-/http-2.3.0.tgz",
          "integrity": "sha1-DAgj1pcj2W0pTliIE5f+we2AP3M="
        },
        "@angular/platform-browser": {
          "version": "https://registry.npmjs.org/@angular/platform-browser/-/platform-browser-2.3.0.tgz",
          "integrity": "sha1-kyWTCc+06P2zns7KCyBfTK8ALmw="
        },
        "@angular/platform-browser-dynamic": {
          "version": "https://registry.npmjs.org/@angular/platform-browser-dynamic/-/platform-browser-dynamic-2.3.0.tgz",
          "integrity": "sha1-6BjT/HPMkjIwiRrKtrgCu939/zs="
        },
        "@angular/router": {
          "version": "https://registry.npmjs.org/@angular/router/-/router-3.2.4.tgz",
          "integrity": "sha1-3+xxrQcuwDE2S6XQi9b+A/1b6tw="
        },
        "@angular/tsc-wrapped": {
          "version": "https://registry.npmjs.org/@angular/tsc-wrapped/-/tsc-wrapped-0.4.2.tgz",
          "integrity": "sha1-AH4ZiPVykqDJ172ORYn+ROVz8Hw=",
          "requires": {
            "tsickle": "https://registry.npmjs.org/tsickle/-/tsickle-0.2.6.tgz"
          }
        },
        "rxjs": {
          "version": "https://registry.npmjs.org/rxjs/-/rxjs-5.0.0-rc.4.tgz",
          "integrity": "sha1-pNCLxdfzDUjtcTDimVSQwyajJcQ=",
          "requires": {
            "symbol-observable": "https://registry.npmjs.org/symbol-observable/-/symbol-observable-1.0.4.tgz"
          }
        },
        "tsickle": {
          "version": "https://registry.npmjs.org/tsickle/-/tsickle-0.2.6.tgz",
          "integrity": "sha1-rUq/kudOvfP7WqGHyoWwIGb+Ghs=",
          "requires": {
            "minimist": "https://registry.npmjs.org/minimist/-/minimist-1.2.0.tgz",
            "mkdirp": "https://registry.npmjs.org/mkdirp/-/mkdirp-0.5.1.tgz",
            "source-map": "https://registry.npmjs.org/source-map/-/source-map-0.5.6.tgz",
            "source-map-support": "https://registry.npmjs.org/source-map-support/-/source-map-support-0.4.15.tgz"
          }
        },
        "zone.js": {
          "version": "https://registry.npmjs.org/zone.js/-/zone.js-0.7.8.tgz",
          "integrity": "sha1-Tz/og01EWX8mOQU6D6Q43zT//e0="
        }
      }
    },
    "object-assign": {
      "version": "https://registry.npmjs.org/object-assign/-/object-assign-4.1.1.tgz",
      "integrity": "sha1-IQmtx5ZYh8/AXLvUQsrIv7s2CGM="
    },
    "once": {
      "version": "https://registry.npmjs.org/once/-/once-1.4.0.tgz",
      "integrity": "sha1-WDsap3WWHUsROsF9nFC6753Xa9E=",
      "requires": {
        "wrappy": "https://registry.npmjs.org/wrappy/-/wrappy-1.0.2.tgz"
      }
    },
    "parse5": {
      "version": "https://registry.npmjs.org/parse5/-/parse5-3.0.2.tgz",
      "integrity": "sha1-Be/1fw70V3+xRKefi5qWemzERRA=",
      "requires": {
        "@types/node": "https://registry.npmjs.org/@types/node/-/node-6.0.83.tgz"
      }
    },
    "path-is-absolute": {
      "version": "https://registry.npmjs.org/path-is-absolute/-/path-is-absolute-1.0.1.tgz",
      "integrity": "sha1-F0uSaHNVNP+8es5r9TpanhtcX18="
    },
    "path-parse": {
      "version": "https://registry.npmjs.org/path-parse/-/path-parse-1.0.5.tgz",
      "integrity": "sha1-PBrfhx6pzWyUMbbqK9dKD/BVxME="
    },
    "reflect-metadata": {
      "version": "https://registry.npmjs.org/reflect-metadata/-/reflect-metadata-0.1.10.tgz",
      "integrity": "sha1-tPg3BEFqytiZiMmxVjXUfgO5NEo="
    },
    "resolve": {
      "version": "https://registry.npmjs.org/resolve/-/resolve-1.3.3.tgz",
      "integrity": "sha1-ZVkHw0aahoDcLeOidaj91paR8OU=",
      "requires": {
        "path-parse": "https://registry.npmjs.org/path-parse/-/path-parse-1.0.5.tgz"
      }
    },
    "rxjs": {
      "version": "https://registry.npmjs.org/rxjs/-/rxjs-5.0.0-beta.6.tgz",
      "integrity": "sha1-y23EbW3f7f7vybFdr9CcNKQ3DSM="
    },
    "source-map": {
      "version": "https://registry.npmjs.org/source-map/-/source-map-0.5.6.tgz",
      "integrity": "sha1-dc449SvwczxafwwRjYEzSiu19BI="
    },
    "source-map-support": {
      "version": "https://registry.npmjs.org/source-map-support/-/source-map-support-0.4.15.tgz",
      "integrity": "sha1-AyAt9lwG0r2MfsI2KhkwVv7407E=",
      "requires": {
        "source-map": "https://registry.npmjs.org/source-map/-/source-map-0.5.6.tgz"
      }
    },
    "symbol-observable": {
      "version": "https://registry.npmjs.org/symbol-observable/-/symbol-observable-1.0.4.tgz",
      "integrity": "sha1-Kb9hXUqnEhvdiYsi1LP5vE4qoD0="
    },
    "systemjs": {
      "version": "https://registry.npmjs.org/systemjs/-/systemjs-0.19.47.tgz",
      "integrity": "sha1-yMk5NxgPP1SBx2nNJyB2P7SjHG8=",
      "requires": {
        "when": "https://registry.npmjs.org/when/-/when-3.7.8.tgz"
      }
    },
    "tsickle": {
      "version": "https://registry.npmjs.org/tsickle/-/tsickle-0.21.6.tgz",
      "integrity": "sha1-U7Abl5xcE/2xOvs/uVgXflmRWI0=",
      "requires": {
        "minimist": "https://registry.npmjs.org/minimist/-/minimist-1.2.0.tgz",
        "mkdirp": "https://registry.npmjs.org/mkdirp/-/mkdirp-0.5.1.tgz",
        "source-map": "https://registry.npmjs.org/source-map/-/source-map-0.5.6.tgz",
        "source-map-support": "https://registry.npmjs.org/source-map-support/-/source-map-support-0.4.15.tgz"
      }
    },
    "tslib": {
      "version": "https://registry.npmjs.org/tslib/-/tslib-1.7.1.tgz",
      "integrity": "sha1-vIAEFkaRkjp5/oN4u+s9ogF1OOw="
    },
    "typescript": {
      "version": "https://registry.npmjs.org/typescript/-/typescript-2.4.1.tgz",
      "integrity": "sha1-w8yxbdqgsjFN4DHn5v7onlujRrw="
    },
    "when": {
      "version": "https://registry.npmjs.org/when/-/when-3.7.8.tgz",
      "integrity": "sha1-xxMLan6gRpPoQs3J56Hyqjmjn4I="
    },
    "wrappy": {
      "version": "https://registry.npmjs.org/wrappy/-/wrappy-1.0.2.tgz",
      "integrity": "sha1-tSQ9jz7BqjXxNkYFvA0QNuMKtp8="
    },
    "xhr2": {
      "version": "https://registry.npmjs.org/xhr2/-/xhr2-0.1.4.tgz",
      "integrity": "sha1-f4dliEdxbbUCYyOBL4GMras4el8="
    },
    "zone.js": {
      "version": "https://registry.npmjs.org/zone.js/-/zone.js-0.6.26.tgz",
      "integrity": "sha1-BnwTuLgCI6ibYuncgmgPCXYsRjY="
    }
  }
}
